
Microsoft Visual Studio Solution File, Format Version 12.00
# Visual Studio Version 17
VisualStudioVersion = 17.4.33213.308
MinimumVisualStudioVersion = 10.0.40219.1
Project("{9A19103F-16F7-4668-BE54-9A1E7A4F7556}") = "Exam", "Exam\Exam.csproj", "{84216EE8-6475-4523-9901-275DBA6012B5}"
EndProject
Project("{9A19103F-16F7-4668-BE54-9A1E7A4F7556}") = "BLL", "BLL\BLL.csproj", "{5B28139D-8BFF-41C6-8BF9-2489662036A6}"
	ProjectSection(ProjectDependencies) = postProject
		{B06736FC-8397-4341-99BC-15468D1E0B05} = {B06736FC-8397-4341-99BC-15468D1E0B05}
	EndProjectSection
EndProject
Project("{FAE04EC0-301F-11D3-BF4B-00C04F79EFBC}") = "DAL", "DAL\DAL.csproj", "{B06736FC-8397-4341-99BC-15468D1E0B05}"
EndProject
Global
	GlobalSection(SolutionConfigurationPlatforms) = preSolution
		Debug|Any CPU = Debug|Any CPU
		Release|Any CPU = Release|Any CPU
	EndGlobalSection
	GlobalSection(ProjectConfigurationPlatforms) = postSolution
		{84216EE8-6475-4523-9901-275DBA6012B5}.Debug|Any CPU.ActiveCfg = Debug|Any CPU
		{84216EE8-6475-4523-9901-275DBA6012B5}.Debug|Any CPU.Build.0 = Debug|Any CPU
		{84216EE8-6475-4523-9901-275DBA6012B5}.Release|Any CPU.ActiveCfg = Release|Any CPU
		{84216EE8-6475-4523-9901-275DBA6012B5}.Release|Any CPU.Build.0 = Release|Any CPU
		{5B28139D-8BFF-41C6-8BF9-2489662036A6}.Debug|Any CPU.ActiveCfg = Debug|Any CPU
		{5B28139D-8BFF-41C6-8BF9-2489662036A6}.Debug|Any CPU.Build.0 = Debug|Any CPU
		{5B28139D-8BFF-41C6-8BF9-2489662036A6}.Release|Any CPU.ActiveCfg = Release|Any CPU
		{5B28139D-8BFF-41C6-8BF9-2489662036A6}.Release|Any CPU.Build.0 = Release|Any CPU
		{B06736FC-8397-4341-99BC-15468D1E0B05}.Debug|Any CPU.ActiveCfg = Debug|Any CPU
		{B06736FC-8397-4341-99BC-15468D1E0B05}.Debug|Any CPU.Build.0 = Debug|Any CPU
		{B06736FC-8397-4341-99BC-15468D1E0B05}.Release|Any CPU.ActiveCfg = Release|Any CPU
		{B06736FC-8397-4341-99BC-15468D1E0B05}.Release|Any CPU.Build.0 = Release|Any CPU
	EndGlobalSection
	GlobalSection(SolutionProperties) = preSolution
		HideSolutionNode = FALSE
	EndGlobalSection
	GlobalSection(ExtensibilityGlobals) = postSolution
		SolutionGuid = {7063E555-2D43-48E2-BB21-CE635C1744BC}
	EndGlobalSection
EndGlobal
