
Microsoft Visual Studio Solution File, Format Version 12.00
# Visual Studio Version 17
VisualStudioVersion = 17.4.33205.214
MinimumVisualStudioVersion = 10.0.40219.1
Project("{FAE04EC0-301F-11D3-BF4B-00C04F79EFBC}") = "HW2", "HW2\HW2.csproj", "{DC235B24-0179-40B8-AD78-142142820E41}"
EndProject
Global
	GlobalSection(SolutionConfigurationPlatforms) = preSolution
		Debug|Any CPU = Debug|Any CPU
		Release|Any CPU = Release|Any CPU
	EndGlobalSection
	GlobalSection(ProjectConfigurationPlatforms) = postSolution
		{DC235B24-0179-40B8-AD78-142142820E41}.Debug|Any CPU.ActiveCfg = Debug|Any CPU
		{DC235B24-0179-40B8-AD78-142142820E41}.Debug|Any CPU.Build.0 = Debug|Any CPU
		{DC235B24-0179-40B8-AD78-142142820E41}.Release|Any CPU.ActiveCfg = Release|Any CPU
		{DC235B24-0179-40B8-AD78-142142820E41}.Release|Any CPU.Build.0 = Release|Any CPU
	EndGlobalSection
	GlobalSection(SolutionProperties) = preSolution
		HideSolutionNode = FALSE
	EndGlobalSection
	GlobalSection(ExtensibilityGlobals) = postSolution
		SolutionGuid = {9B392DAD-C95F-466B-BB63-B9FFA3E5F298}
	EndGlobalSection
EndGlobal
